
Microsoft Visual Studio Solution File, Format Version 12.00
# Visual Studio Version 16
VisualStudioVersion = 16.0.31624.102
MinimumVisualStudioVersion = 10.0.40219.1
Project("{9A19103F-16F7-4668-BE54-9A1E7A4F7556}") = "DactyloTest", "DactyloTest.csproj", "{BA97A885-AB3C-49F6-8154-3B9E099132CE}"
EndProject
Project("{9A19103F-16F7-4668-BE54-9A1E7A4F7556}") = "DactyloTest.UnitTests", "..\DactyloTest.UnitTests\DactyloTest.UnitTests.csproj", "{816D894E-3E5C-49C0-B397-4266964BF5F9}"
EndProject
Project("{2150E333-8FDC-42A3-9474-1A3956D46DE8}") = "Solution Items", "Solution Items", "{56F52E3D-0A3A-4DAA-8E75-599845BCFF6B}"
	ProjectSection(SolutionItems) = preProject
		.editorconfig = .editorconfig
	EndProjectSection
EndProject
Project("{54435603-DBB4-11D2-8724-00A0C9A8B90C}") = "Setup", "Setup\Setup.vdproj", "{655D4345-40EA-4400-9A41-F00E6E1E32F3}"
EndProject
Global
	GlobalSection(SolutionConfigurationPlatforms) = preSolution
		Debug|Any CPU = Debug|Any CPU
		Release|Any CPU = Release|Any CPU
	EndGlobalSection
	GlobalSection(ProjectConfigurationPlatforms) = postSolution
		{BA97A885-AB3C-49F6-8154-3B9E099132CE}.Debug|Any CPU.ActiveCfg = Debug|Any CPU
		{BA97A885-AB3C-49F6-8154-3B9E099132CE}.Debug|Any CPU.Build.0 = Debug|Any CPU
		{BA97A885-AB3C-49F6-8154-3B9E099132CE}.Release|Any CPU.ActiveCfg = Release|Any CPU
		{BA97A885-AB3C-49F6-8154-3B9E099132CE}.Release|Any CPU.Build.0 = Release|Any CPU
		{816D894E-3E5C-49C0-B397-4266964BF5F9}.Debug|Any CPU.ActiveCfg = Debug|Any CPU
		{816D894E-3E5C-49C0-B397-4266964BF5F9}.Debug|Any CPU.Build.0 = Debug|Any CPU
		{816D894E-3E5C-49C0-B397-4266964BF5F9}.Release|Any CPU.ActiveCfg = Release|Any CPU
		{655D4345-40EA-4400-9A41-F00E6E1E32F3}.Debug|Any CPU.ActiveCfg = Debug
		{655D4345-40EA-4400-9A41-F00E6E1E32F3}.Release|Any CPU.ActiveCfg = Release
	EndGlobalSection
	GlobalSection(SolutionProperties) = preSolution
		HideSolutionNode = FALSE
	EndGlobalSection
	GlobalSection(ExtensibilityGlobals) = postSolution
		SolutionGuid = {8AB21034-6E2C-4A3B-BC91-F9DF05792FCB}
	EndGlobalSection
EndGlobal
